
Microsoft Visual Studio Solution File, Format Version 12.00
# Visual Studio Version 16
VisualStudioVersion = 16.0.30717.126
MinimumVisualStudioVersion = 10.0.40219.1
Project("{FAE04EC0-301F-11D3-BF4B-00C04F79EFBC}") = "PlaylistManager", "PlaylistManager\PlaylistManager.csproj", "{11D7ACFB-DABF-4242-A513-72294F14EA6A}"
EndProject
Global
	GlobalSection(SolutionConfigurationPlatforms) = preSolution
		Debug|Any CPU = Debug|Any CPU
		Release|Any CPU = Release|Any CPU
	EndGlobalSection
	GlobalSection(ProjectConfigurationPlatforms) = postSolution
		{11D7ACFB-DABF-4242-A513-72294F14EA6A}.Debug|Any CPU.ActiveCfg = Debug|Any CPU
		{11D7ACFB-DABF-4242-A513-72294F14EA6A}.Debug|Any CPU.Build.0 = Debug|Any CPU
		{11D7ACFB-DABF-4242-A513-72294F14EA6A}.Release|Any CPU.ActiveCfg = Release|Any CPU
		{11D7ACFB-DABF-4242-A513-72294F14EA6A}.Release|Any CPU.Build.0 = Release|Any CPU
	EndGlobalSection
	GlobalSection(SolutionProperties) = preSolution
		HideSolutionNode = FALSE
	EndGlobalSection
	GlobalSection(ExtensibilityGlobals) = postSolution
		SolutionGuid = {B06F831B-85E3-4284-92EF-1BB3E0D96C42}
	EndGlobalSection
EndGlobal
